// !$*UTF8*$!
{
	archiveVersion = 1;
	classes = {
	};
	objectVersion = 50;
	objects = {

/* Begin PBXBuildFile section */
		63613463255A1FBC00A71871 /* AppDelegate.m in Sources */ = {isa = PBXBuildFile; fileRef = 63613462255A1FBC00A71871 /* AppDelegate.m */; };
		63613466255A1FBC00A71871 /* SceneDelegate.m in Sources */ = {isa = PBXBuildFile; fileRef = 63613465255A1FBC00A71871 /* SceneDelegate.m */; };
		63613469255A1FBC00A71871 /* ViewController.m in Sources */ = {isa = PBXBuildFile; fileRef = 63613468255A1FBC00A71871 /* ViewController.m */; };
		6361346C255A1FBC00A71871 /* Main.storyboard in Resources */ = {isa = PBXBuildFile; fileRef = 6361346A255A1FBC00A71871 /* Main.storyboard */; };
		6361346E255A1FBE00A71871 /* Assets.xcassets in Resources */ = {isa = PBXBuildFile; fileRef = 6361346D255A1FBE00A71871 /* Assets.xcassets */; };
		63613471255A1FBE00A71871 /* LaunchScreen.storyboard in Resources */ = {isa = PBXBuildFile; fileRef = 6361346F255A1FBE00A71871 /* LaunchScreen.storyboard */; };
		63613474255A1FBE00A71871 /* main.m in Sources */ = {isa = PBXBuildFile; fileRef = 63613473255A1FBE00A71871 /* main.m */; };
/* End PBXBuildFile section */

/* Begin PBXFileReference section */
		6361345E255A1FBC00A71871 /* NFC Pratice objective c.app */ = {isa = PBXFileReference; explicitFileType = wrapper.application; includeInIndex = 0; path = "NFC Pratice objective c.app"; sourceTree = BUILT_PRODUCTS_DIR; };
		63613461255A1FBC00A71871 /* AppDelegate.h */ = {isa = PBXFileReference; lastKnownFileType = sourcecode.c.h; path = AppDelegate.h; sourceTree = "<group>"; };
		63613462255A1FBC00A71871 /* AppDelegate.m */ = {isa = PBXFileReference; lastKnownFileType = sourcecode.c.objc; path = AppDelegate.m; sourceTree = "<group>"; };
		63613464255A1FBC00A71871 /* SceneDelegate.h */ = {isa = PBXFileReference; lastKnownFileType = sourcecode.c.h; path = SceneDelegate.h; sourceTree = "<group>"; };
		63613465255A1FBC00A71871 /* SceneDelegate.m */ = {isa = PBXFileReference; lastKnownFileType = sourcecode.c.objc; path = SceneDelegate.m; sourceTree = "<group>"; };
		63613467255A1FBC00A71871 /* ViewController.h */ = {isa = PBXFileReference; lastKnownFileType = sourcecode.c.h; path = ViewController.h; sourceTree = "<group>"; };
		63613468255A1FBC00A71871 /* ViewController.m */ = {isa = PBXFileReference; lastKnownFileType = sourcecode.c.objc; path = ViewController.m; sourceTree = "<group>"; };
		6361346B255A1FBC00A71871 /* Base */ = {isa = PBXFileReference; lastKnownFileType = file.storyboard; name = Base; path = Base.lproj/Main.storyboard; sourceTree = "<group>"; };
		6361346D255A1FBE00A71871 /* Assets.xcassets */ = {isa = PBXFileReference; lastKnownFileType = folder.assetcatalog; path = Assets.xcassets; sourceTree = "<group>"; };
		63613470255A1FBE00A71871 /* Base */ = {isa = PBXFileReference; lastKnownFileType = file.storyboard; name = Base; path = Base.lproj/LaunchScreen.storyboard; sourceTree = "<group>"; };
		63613472255A1FBE00A71871 /* Info.plist */ = {isa = PBXFileReference; lastKnownFileType = text.plist.xml; path = Info.plist; sourceTree = "<group>"; };
		63613473255A1FBE00A71871 /* main.m */ = {isa = PBXFileReference; lastKnownFileType = sourcecode.c.objc; path = main.m; sourceTree = "<group>"; };
/* End PBXFileReference section */

/* Begin PBXFrameworksBuildPhase section */
		6361345B255A1FBC00A71871 /* Frameworks */ = {
			isa = PBXFrameworksBuildPhase;
			buildActionMask = 2147483647;
			files = (
			);
			runOnlyForDeploymentPostprocessing = 0;
		};
/* End PBXFrameworksBuildPhase section */

/* Begin PBXGroup section */
		63613455255A1FBC00A71871 = {
			isa = PBXGroup;
			children = (
				63613460255A1FBC00A71871 /* NFC Pratice objective c */,
				6361345F255A1FBC00A71871 /* Products */,
			);
			sourceTree = "<group>";
		};
		6361345F255A1FBC00A71871 /* Products */ = {
			isa = PBXGroup;
			children = (
				6361345E255A1FBC00A71871 /* NFC Pratice objective c.app */,
			);
			name = Products;
			sourceTree = "<group>";
		};
		63613460255A1FBC00A71871 /* NFC Pratice objective c */ = {
			isa = PBXGroup;
			children = (
				63613461255A1FBC00A71871 /* AppDelegate.h */,
				63613462255A1FBC00A71871 /* AppDelegate.m */,
				63613464255A1FBC00A71871 /* SceneDelegate.h */,
				63613465255A1FBC00A71871 /* SceneDelegate.m */,
				63613467255A1FBC00A71871 /* ViewController.h */,
				63613468255A1FBC00A71871 /* ViewController.m */,
				6361346A255A1FBC00A71871 /* Main.storyboard */,
				6361346D255A1FBE00A71871 /* Assets.xcassets */,
				6361346F255A1FBE00A71871 /* LaunchScreen.storyboard */,
				63613472255A1FBE00A71871 /* Info.plist */,
				63613473255A1FBE00A71871 /* main.m */,
			);
			path = "NFC Pratice objective c";
			sourceTree = "<group>";
		};
/* End PBXGroup section */

/* Begin PBXNativeTarget section */
		6361345D255A1FBC00A71871 /* NFC Pratice objective c */ = {
			isa = PBXNativeTarget;
			buildConfigurationList = 63613477255A1FBE00A71871 /* Build configuration list for PBXNativeTarget "NFC Pratice objective c" */;
			buildPhases = (
				6361345A255A1FBC00A71871 /* Sources */,
				6361345B255A1FBC00A71871 /* Frameworks */,
				6361345C255A1FBC00A71871 /* Resources */,
			);
			buildRules = (
			);
			dependencies = (
			);
			name = "NFC Pratice objective c";
			productName = "NFC Pratice objective c";
			productReference = 6361345E255A1FBC00A71871 /* NFC Pratice objective c.app */;
			productType = "com.apple.product-type.application";
		};
/* End PBXNativeTarget section */

/* Begin PBXProject section */
		63613456255A1FBC00A71871 /* Project object */ = {
			isa = PBXProject;
			attributes = {
				LastUpgradeCheck = 1210;
				TargetAttributes = {
					6361345D255A1FBC00A71871 = {
						CreatedOnToolsVersion = 12.1;
					};
				};
			};
			buildConfigurationList = 63613459255A1FBC00A71871 /* Build configuration list for PBXProject "NFC Pratice objective c" */;
			compatibilityVersion = "Xcode 9.3";
			developmentRegion = en;
			hasScannedForEncodings = 0;
			knownRegions = (
				en,
				Base,
			);
			mainGroup = 63613455255A1FBC00A71871;
			productRefGroup = 6361345F255A1FBC00A71871 /* Products */;
			projectDirPath = "";
			projectRoot = "";
			targets = (
				6361345D255A1FBC00A71871 /* NFC Pratice objective c */,
			);
		};
/* End PBXProject section */

/* Begin PBXResourcesBuildPhase section */
		6361345C255A1FBC00A71871 /* Resources */ = {
			isa = PBXResourcesBuildPhase;
			buildActionMask = 2147483647;
			files = (
				63613471255A1FBE00A71871 /* LaunchScreen.storyboard in Resources */,
				6361346E255A1FBE00A71871 /* Assets.xcassets in Resources */,
				6361346C255A1FBC00A71871 /* Main.storyboard in Resources */,
			);
			runOnlyForDeploymentPostprocessing = 0;
		};
/* End PBXResourcesBuildPhase section */

/* Begin PBXSourcesBuildPhase section */
		6361345A255A1FBC00A71871 /* Sources */ = {
			isa = PBXSourcesBuildPhase;
			buildActionMask = 2147483647;
			files = (
				63613469255A1FBC00A71871 /* ViewController.m in Sources */,
				63613463255A1FBC00A71871 /* AppDelegate.m in Sources */,
				63613474255A1FBE00A71871 /* main.m in Sources */,
				63613466255A1FBC00A71871 /* SceneDelegate.m in Sources */,
			);
			runOnlyForDeploymentPostprocessing = 0;
		};
/* End PBXSourcesBuildPhase section */

/* Begin PBXVariantGroup section */
		6361346A255A1FBC00A71871 /* Main.storyboard */ = {
			isa = PBXVariantGroup;
			children = (
				6361346B255A1FBC00A71871 /* Base */,
			);
			name = Main.storyboard;
			sourceTree = "<group>";
		};
		6361346F255A1FBE00A71871 /* LaunchScreen.storyboard */ = {
			isa = PBXVariantGroup;
			children = (
				63613470255A1FBE00A71871 /* Base */,
			);
			name = LaunchScreen.storyboard;
			sourceTree = "<group>";
		};
/* End PBXVariantGroup section */

/* Begin XCBuildConfiguration section */
		63613475255A1FBE00A71871 /* Debug */ = {
			isa = XCBuildConfiguration;
			buildSettings = {
				ALWAYS_SEARCH_USER_PATHS = NO;
				CLANG_ANALYZER_NONNULL = YES;
				CLANG_ANALYZER_NUMBER_OBJECT_CONVERSION = YES_AGGRESSIVE;
				CLANG_CXX_LANGUAGE_STANDARD = "gnu++14";
				CLANG_CXX_LIBRARY = "libc++";
				CLANG_ENABLE_MODULES = YES;
				CLANG_ENABLE_OBJC_ARC = YES;
				CLANG_ENABLE_OBJC_WEAK = YES;
				CLANG_WARN_BLOCK_CAPTURE_AUTORELEASING = YES;
				CLANG_WARN_BOOL_CONVERSION = YES;
				CLANG_WARN_COMMA = YES;
				CLANG_WARN_CONSTANT_CONVERSION = YES;
				CLANG_WARN_DEPRECATED_OBJC_IMPLEMENTATIONS = YES;
				CLANG_WARN_DIRECT_OBJC_ISA_USAGE = YES_ERROR;
				CLANG_WARN_DOCUMENTATION_COMMENTS = YES;
				CLANG_WARN_EMPTY_BODY = YES;
				CLANG_WARN_ENUM_CONVERSION = YES;
				CLANG_WARN_INFINITE_RECURSION = YES;
				CLANG_WARN_INT_CONVERSION = YES;
				CLANG_WARN_NON_LITERAL_NULL_CONVERSION = YES;
				CLANG_WARN_OBJC_IMPLICIT_RETAIN_SELF = YES;
				CLANG_WARN_OBJC_LITERAL_CONVERSION = YES;
				CLANG_WARN_OBJC_ROOT_CLASS = YES_ERROR;
				CLANG_WARN_QUOTED_INCLUDE_IN_FRAMEWORK_HEADER = YES;
				CLANG_WARN_RANGE_LOOP_ANALYSIS = YES;
				CLANG_WARN_STRICT_PROTOTYPES = YES;
				CLANG_WARN_SUSPICIOUS_MOVE = YES;
				CLANG_WARN_UNGUARDED_AVAILABILITY = YES_AGGRESSIVE;
				CLANG_WARN_UNREACHABLE_CODE = YES;
				CLANG_WARN__DUPLICATE_METHOD_MATCH = YES;
				COPY_PHASE_STRIP = NO;
				DEBUG_INFORMATION_FORMAT = dwarf;
				ENABLE_STRICT_OBJC_MSGSEND = YES;
				ENABLE_TESTABILITY = YES;
				GCC_C_LANGUAGE_STANDARD = gnu11;
				GCC_DYNAMIC_NO_PIC = NO;
				GCC_NO_COMMON_BLOCKS = YES;
				GCC_OPTIMIZATION_LEVEL = 0;
				GCC_PREPROCESSOR_DEFINITIONS = (
					"DEBUG=1",
					"$(inherited)",
				);
				GCC_WARN_64_TO_32_BIT_CONVERSION = YES;
				GCC_WARN_ABOUT_RETURN_TYPE = YES_ERROR;
				GCC_WARN_UNDECLARED_SELECTOR = YES;
				GCC_WARN_UNINITIALIZED_AUTOS = YES_AGGRESSIVE;
				GCC_WARN_UNUSED_FUNCTION = YES;
				GCC_WARN_UNUSED_VARIABLE = YES;
				IPHONEOS_DEPLOYMENT_TARGET = 14.1;
				MTL_ENABLE_DEBUG_INFO = INCLUDE_SOURCE;
				MTL_FAST_MATH = YES;
				ONLY_ACTIVE_ARCH = YES;
				SDKROOT = iphoneos;
			};
			name = Debug;
		};
		63613476255A1FBE00A71871 /* Release */ = {
			isa = XCBuildConfiguration;
			buildSettings = {
				ALWAYS_SEARCH_USER_PATHS = NO;
				CLANG_ANALYZER_NONNULL = YES;
				CLANG_ANALYZER_NUMBER_OBJECT_CONVERSION = YES_AGGRESSIVE;
				CLANG_CXX_LANGUAGE_STANDARD = "gnu++14";
				CLANG_CXX_LIBRARY = "libc++";
				CLANG_ENABLE_MODULES = YES;
				CLANG_ENABLE_OBJC_ARC = YES;
				CLANG_ENABLE_OBJC_WEAK = YES;
				CLANG_WARN_BLOCK_CAPTURE_AUTORELEASING = YES;
				CLANG_WARN_BOOL_CONVERSION = YES;
				CLANG_WARN_COMMA = YES;
				CLANG_WARN_CONSTANT_CONVERSION = YES;
				CLANG_WARN_DEPRECATED_OBJC_IMPLEMENTATIONS = YES;
				CLANG_WARN_DIRECT_OBJC_ISA_USAGE = YES_ERROR;
				CLANG_WARN_DOCUMENTATION_COMMENTS = YES;
				CLANG_WARN_EMPTY_BODY = YES;
				CLANG_WARN_ENUM_CONVERSION = YES;
				CLANG_WARN_INFINITE_RECURSION = YES;
				CLANG_WARN_INT_CONVERSION = YES;
				CLANG_WARN_NON_LITERAL_NULL_CONVERSION = YES;
				CLANG_WARN_OBJC_IMPLICIT_RETAIN_SELF = YES;
				CLANG_WARN_OBJC_LITERAL_CONVERSION = YES;
				CLANG_WARN_OBJC_ROOT_CLASS = YES_ERROR;
				CLANG_WARN_QUOTED_INCLUDE_IN_FRAMEWORK_HEADER = YES;
				CLANG_WARN_RANGE_LOOP_ANALYSIS = YES;
				CLANG_WARN_STRICT_PROTOTYPES = YES;
				CLANG_WARN_SUSPICIOUS_MOVE = YES;
				CLANG_WARN_UNGUARDED_AVAILABILITY = YES_AGGRESSIVE;
				CLANG_WARN_UNREACHABLE_CODE = YES;
				CLANG_WARN__DUPLICATE_METHOD_MATCH = YES;
				COPY_PHASE_STRIP = NO;
				DEBUG_INFORMATION_FORMAT = "dwarf-with-dsym";
				ENABLE_NS_ASSERTIONS = NO;
				ENABLE_STRICT_OBJC_MSGSEND = YES;
				GCC_C_LANGUAGE_STANDARD = gnu11;
				GCC_NO_COMMON_BLOCKS = YES;
				GCC_WARN_64_TO_32_BIT_CONVERSION = YES;
				GCC_WARN_ABOUT_RETURN_TYPE = YES_ERROR;
				GCC_WARN_UNDECLARED_SELECTOR = YES;
				GCC_WARN_UNINITIALIZED_AUTOS = YES_AGGRESSIVE;
				GCC_WARN_UNUSED_FUNCTION = YES;
				GCC_WARN_UNUSED_VARIABLE = YES;
				IPHONEOS_DEPLOYMENT_TARGET = 14.1;
				MTL_ENABLE_DEBUG_INFO = NO;
				MTL_FAST_MATH = YES;
				SDKROOT = iphoneos;
				VALIDATE_PRODUCT = YES;
			};
			name = Release;
		};
		63613478255A1FBE00A71871 /* Debug */ = {
			isa = XCBuildConfiguration;
			buildSettings = {
				ASSETCATALOG_COMPILER_APPICON_NAME = AppIcon;
				ASSETCATALOG_COMPILER_GLOBAL_ACCENT_COLOR_NAME = AccentColor;
				CODE_SIGN_STYLE = Automatic;
				DEVELOPMENT_TEAM = W4395MK238;
				INFOPLIST_FILE = "NFC Pratice objective c/Info.plist";
				LD_RUNPATH_SEARCH_PATHS = (
					"$(inherited)",
					"@executable_path/Frameworks",
				);
				PRODUCT_BUNDLE_IDENTIFIER = "com.jake.NFC-Pratice-objective-c";
				PRODUCT_NAME = "$(TARGET_NAME)";
				TARGETED_DEVICE_FAMILY = "1,2";
			};
			name = Debug;
		};
		63613479255A1FBE00A71871 /* Release */ = {
			isa = XCBuildConfiguration;
			buildSettings = {
				ASSETCATALOG_COMPILER_APPICON_NAME = AppIcon;
				ASSETCATALOG_COMPILER_GLOBAL_ACCENT_COLOR_NAME = AccentColor;
				CODE_SIGN_STYLE = Automatic;
				DEVELOPMENT_TEAM = W4395MK238;
				INFOPLIST_FILE = "NFC Pratice objective c/Info.plist";
				LD_RUNPATH_SEARCH_PATHS = (
					"$(inherited)",
					"@executable_path/Frameworks",
				);
				PRODUCT_BUNDLE_IDENTIFIER = "com.jake.NFC-Pratice-objective-c";
				PRODUCT_NAME = "$(TARGET_NAME)";
				TARGETED_DEVICE_FAMILY = "1,2";
			};
			name = Release;
		};
/* End XCBuildConfiguration section */

/* Begin XCConfigurationList section */
		63613459255A1FBC00A71871 /* Build configuration list for PBXProject "NFC Pratice objective c" */ = {
			isa = XCConfigurationList;
			buildConfigurations = (
				63613475255A1FBE00A71871 /* Debug */,
				63613476255A1FBE00A71871 /* Release */,
			);
			defaultConfigurationIsVisible = 0;
			defaultConfigurationName = Release;
		};
		63613477255A1FBE00A71871 /* Build configuration list for PBXNativeTarget "NFC Pratice objective c" */ = {
			isa = XCConfigurationList;
			buildConfigurations = (
				63613478255A1FBE00A71871 /* Debug */,
				63613479255A1FBE00A71871 /* Release */,
			);
			defaultConfigurationIsVisible = 0;
			defaultConfigurationName = Release;
		};
/* End XCConfigurationList section */
	};
	rootObject = 63613456255A1FBC00A71871 /* Project object */;
}
